
Microsoft Visual Studio Solution File, Format Version 12.00
# Visual Studio Version 17
VisualStudioVersion = 17.11.35222.181
MinimumVisualStudioVersion = 10.0.40219.1
Project("{2150E333-8FDC-42A3-9474-1A3956D46DE8}") = "Task0", "Task0", "{C9389519-71E9-46C7-9D65-0318628EA57C}"
EndProject
Project("{FAE04EC0-301F-11D3-BF4B-00C04F79EFBC}") = "Tyuiu.SavtsovNE.Sprint1.Task0.V12", "Tyuiu.SavtsovNE.Sprint1.Task0.V12\Tyuiu.SavtsovNE.Sprint1.Task0.V12.csproj", "{E141750A-8C5E-46B5-8F57-232D69751EA3}"
EndProject
Project("{FAE04EC0-301F-11D3-BF4B-00C04F79EFBC}") = "Tyuiu.SavtsovNE.Sprint1.Task0.V12.Lib", "Tyuiu.SavtsovNE.Sprint1.Task0.V12.Lib\Tyuiu.SavtsovNE.Sprint1.Task0.V12.Lib.csproj", "{1BC85A29-AB2F-4446-BEE5-85C78F3122E7}"
EndProject
Project("{FAE04EC0-301F-11D3-BF4B-00C04F79EFBC}") = "Tyuiu.SavtsovNE.Sprint1.Task0.V12.Test", "Tyuiu.SavtsovNE.Sprint1.Task0.V12.Test\Tyuiu.SavtsovNE.Sprint1.Task0.V12.Test.csproj", "{7060EFDE-5570-4FC6-8756-3E859C9A8BAD}"
EndProject
Project("{2150E333-8FDC-42A3-9474-1A3956D46DE8}") = "Task1", "Task1", "{138A520B-7277-4059-A846-8E4119AA1A4D}"
EndProject
Project("{FAE04EC0-301F-11D3-BF4B-00C04F79EFBC}") = "Tyuiu.SavtsovNE.Sprint1.Task1.V22.Test", "Tyuiu.SavtsovNE.Sprint1.Task1.V22.Test\Tyuiu.SavtsovNE.Sprint1.Task1.V22.Test.csproj", "{D126A266-B0F6-439B-84F5-A8E763AB6BFE}"
EndProject
Project("{FAE04EC0-301F-11D3-BF4B-00C04F79EFBC}") = "Tyuiu.SavtsovNE.Sprint1.Task1.V22.Lib", "Tyuiu.SavtsovNE.Sprint1.Task1.V22.Lib\Tyuiu.SavtsovNE.Sprint1.Task1.V22.Lib.csproj", "{3488F294-F97C-49CE-AC0F-E0175568EB15}"
EndProject
Project("{FAE04EC0-301F-11D3-BF4B-00C04F79EFBC}") = "Tyuiu.SavtsovNE.Sprint1.Task1.V22", "Tyuiu.SavtsovNE.Sprint1.Task1.V22\Tyuiu.SavtsovNE.Sprint1.Task1.V22.csproj", "{7F4FE1CC-2082-430C-A501-750098CB6D56}"
EndProject
Project("{2150E333-8FDC-42A3-9474-1A3956D46DE8}") = "Task2", "Task2", "{CECDEB58-435E-46E1-BD08-8E5C81FB81BB}"
EndProject
Project("{FAE04EC0-301F-11D3-BF4B-00C04F79EFBC}") = "Tyuiu.SavtsovNE.Sprint1.Task2.V30", "Tyuiu.SavtsovNE.Sprint1.Task2.V30\Tyuiu.SavtsovNE.Sprint1.Task2.V30.csproj", "{FAF23C83-34A9-47E7-98E4-DB4967E8F8A8}"
EndProject
Project("{FAE04EC0-301F-11D3-BF4B-00C04F79EFBC}") = "Tyuiu.SavtsovNE.Sprint1.Task2.V30.Lib", "Tyuiu.SavtsovNE.Sprint1.Task2.V30.Lib\Tyuiu.SavtsovNE.Sprint1.Task2.V30.Lib.csproj", "{B91C4667-71EB-46A3-80E9-86FB2FE645D1}"
EndProject
Project("{FAE04EC0-301F-11D3-BF4B-00C04F79EFBC}") = "Tyuiu.SavtsovNE.Sprint1.Task2.V30.Test", "Tyuiu.SavtsovNE.Sprint1.Task2.V30.Test\Tyuiu.SavtsovNE.Sprint1.Task2.V30.Test.csproj", "{24A877C8-B855-4D26-96AB-3CB2C71DDA1B}"
EndProject
Global
	GlobalSection(SolutionConfigurationPlatforms) = preSolution
		Debug|Any CPU = Debug|Any CPU
		Release|Any CPU = Release|Any CPU
	EndGlobalSection
	GlobalSection(ProjectConfigurationPlatforms) = postSolution
		{E141750A-8C5E-46B5-8F57-232D69751EA3}.Debug|Any CPU.ActiveCfg = Debug|Any CPU
		{E141750A-8C5E-46B5-8F57-232D69751EA3}.Debug|Any CPU.Build.0 = Debug|Any CPU
		{E141750A-8C5E-46B5-8F57-232D69751EA3}.Release|Any CPU.ActiveCfg = Release|Any CPU
		{E141750A-8C5E-46B5-8F57-232D69751EA3}.Release|Any CPU.Build.0 = Release|Any CPU
		{1BC85A29-AB2F-4446-BEE5-85C78F3122E7}.Debug|Any CPU.ActiveCfg = Debug|Any CPU
		{1BC85A29-AB2F-4446-BEE5-85C78F3122E7}.Debug|Any CPU.Build.0 = Debug|Any CPU
		{1BC85A29-AB2F-4446-BEE5-85C78F3122E7}.Release|Any CPU.ActiveCfg = Release|Any CPU
		{1BC85A29-AB2F-4446-BEE5-85C78F3122E7}.Release|Any CPU.Build.0 = Release|Any CPU
		{7060EFDE-5570-4FC6-8756-3E859C9A8BAD}.Debug|Any CPU.ActiveCfg = Debug|Any CPU
		{7060EFDE-5570-4FC6-8756-3E859C9A8BAD}.Debug|Any CPU.Build.0 = Debug|Any CPU
		{7060EFDE-5570-4FC6-8756-3E859C9A8BAD}.Release|Any CPU.ActiveCfg = Release|Any CPU
		{7060EFDE-5570-4FC6-8756-3E859C9A8BAD}.Release|Any CPU.Build.0 = Release|Any CPU
		{D126A266-B0F6-439B-84F5-A8E763AB6BFE}.Debug|Any CPU.ActiveCfg = Debug|Any CPU
		{D126A266-B0F6-439B-84F5-A8E763AB6BFE}.Debug|Any CPU.Build.0 = Debug|Any CPU
		{D126A266-B0F6-439B-84F5-A8E763AB6BFE}.Release|Any CPU.ActiveCfg = Release|Any CPU
		{D126A266-B0F6-439B-84F5-A8E763AB6BFE}.Release|Any CPU.Build.0 = Release|Any CPU
		{3488F294-F97C-49CE-AC0F-E0175568EB15}.Debug|Any CPU.ActiveCfg = Debug|Any CPU
		{3488F294-F97C-49CE-AC0F-E0175568EB15}.Debug|Any CPU.Build.0 = Debug|Any CPU
		{3488F294-F97C-49CE-AC0F-E0175568EB15}.Release|Any CPU.ActiveCfg = Release|Any CPU
		{3488F294-F97C-49CE-AC0F-E0175568EB15}.Release|Any CPU.Build.0 = Release|Any CPU
		{7F4FE1CC-2082-430C-A501-750098CB6D56}.Debug|Any CPU.ActiveCfg = Debug|Any CPU
		{7F4FE1CC-2082-430C-A501-750098CB6D56}.Debug|Any CPU.Build.0 = Debug|Any CPU
		{7F4FE1CC-2082-430C-A501-750098CB6D56}.Release|Any CPU.ActiveCfg = Release|Any CPU
		{7F4FE1CC-2082-430C-A501-750098CB6D56}.Release|Any CPU.Build.0 = Release|Any CPU
		{FAF23C83-34A9-47E7-98E4-DB4967E8F8A8}.Debug|Any CPU.ActiveCfg = Debug|Any CPU
		{FAF23C83-34A9-47E7-98E4-DB4967E8F8A8}.Debug|Any CPU.Build.0 = Debug|Any CPU
		{FAF23C83-34A9-47E7-98E4-DB4967E8F8A8}.Release|Any CPU.ActiveCfg = Release|Any CPU
		{FAF23C83-34A9-47E7-98E4-DB4967E8F8A8}.Release|Any CPU.Build.0 = Release|Any CPU
		{B91C4667-71EB-46A3-80E9-86FB2FE645D1}.Debug|Any CPU.ActiveCfg = Debug|Any CPU
		{B91C4667-71EB-46A3-80E9-86FB2FE645D1}.Debug|Any CPU.Build.0 = Debug|Any CPU
		{B91C4667-71EB-46A3-80E9-86FB2FE645D1}.Release|Any CPU.ActiveCfg = Release|Any CPU
		{B91C4667-71EB-46A3-80E9-86FB2FE645D1}.Release|Any CPU.Build.0 = Release|Any CPU
		{24A877C8-B855-4D26-96AB-3CB2C71DDA1B}.Debug|Any CPU.ActiveCfg = Debug|Any CPU
		{24A877C8-B855-4D26-96AB-3CB2C71DDA1B}.Debug|Any CPU.Build.0 = Debug|Any CPU
		{24A877C8-B855-4D26-96AB-3CB2C71DDA1B}.Release|Any CPU.ActiveCfg = Release|Any CPU
		{24A877C8-B855-4D26-96AB-3CB2C71DDA1B}.Release|Any CPU.Build.0 = Release|Any CPU
	EndGlobalSection
	GlobalSection(SolutionProperties) = preSolution
		HideSolutionNode = FALSE
	EndGlobalSection
	GlobalSection(NestedProjects) = preSolution
		{E141750A-8C5E-46B5-8F57-232D69751EA3} = {C9389519-71E9-46C7-9D65-0318628EA57C}
		{1BC85A29-AB2F-4446-BEE5-85C78F3122E7} = {C9389519-71E9-46C7-9D65-0318628EA57C}
		{7060EFDE-5570-4FC6-8756-3E859C9A8BAD} = {C9389519-71E9-46C7-9D65-0318628EA57C}
		{D126A266-B0F6-439B-84F5-A8E763AB6BFE} = {138A520B-7277-4059-A846-8E4119AA1A4D}
		{3488F294-F97C-49CE-AC0F-E0175568EB15} = {138A520B-7277-4059-A846-8E4119AA1A4D}
		{7F4FE1CC-2082-430C-A501-750098CB6D56} = {138A520B-7277-4059-A846-8E4119AA1A4D}
		{FAF23C83-34A9-47E7-98E4-DB4967E8F8A8} = {CECDEB58-435E-46E1-BD08-8E5C81FB81BB}
		{B91C4667-71EB-46A3-80E9-86FB2FE645D1} = {CECDEB58-435E-46E1-BD08-8E5C81FB81BB}
		{24A877C8-B855-4D26-96AB-3CB2C71DDA1B} = {CECDEB58-435E-46E1-BD08-8E5C81FB81BB}
	EndGlobalSection
	GlobalSection(ExtensibilityGlobals) = postSolution
		SolutionGuid = {865D0379-AB6D-4C54-916D-53882C9D343B}
	EndGlobalSection
EndGlobal
