
Microsoft Visual Studio Solution File, Format Version 12.00
# Visual Studio Version 17
VisualStudioVersion = 17.11.35222.181
MinimumVisualStudioVersion = 10.0.40219.1
Project("{2150E333-8FDC-42A3-9474-1A3956D46DE8}") = "Task0", "Task0", "{C9389519-71E9-46C7-9D65-0318628EA57C}"
EndProject
Project("{9A19103F-16F7-4668-BE54-9A1E7A4F7556}") = "Tyuiu.SavtsovNE.Sprint1.Task0.V12", "Tyuiu.SavtsovNE.Sprint1.Task0.V12\Tyuiu.SavtsovNE.Sprint1.Task0.V12.csproj", "{E141750A-8C5E-46B5-8F57-232D69751EA3}"
EndProject
Project("{9A19103F-16F7-4668-BE54-9A1E7A4F7556}") = "Tyuiu.SavtsovNE.Sprint1.Task0.V12.Lib", "Tyuiu.SavtsovNE.Sprint1.Task0.V12.Lib\Tyuiu.SavtsovNE.Sprint1.Task0.V12.Lib.csproj", "{1BC85A29-AB2F-4446-BEE5-85C78F3122E7}"
EndProject
Project("{9A19103F-16F7-4668-BE54-9A1E7A4F7556}") = "Tyuiu.SavtsovNE.Sprint1.Task0.V12.Test", "Tyuiu.SavtsovNE.Sprint1.Task0.V12.Test\Tyuiu.SavtsovNE.Sprint1.Task0.V12.Test.csproj", "{7060EFDE-5570-4FC6-8756-3E859C9A8BAD}"
EndProject
Project("{2150E333-8FDC-42A3-9474-1A3956D46DE8}") = "Task1", "Task1", "{138A520B-7277-4059-A846-8E4119AA1A4D}"
EndProject
Project("{9A19103F-16F7-4668-BE54-9A1E7A4F7556}") = "Tyuiu.SavtsovNE.Sprint1.Task1.V22.Test", "Tyuiu.SavtsovNE.Sprint1.Task1.V22.Test\Tyuiu.SavtsovNE.Sprint1.Task1.V22.Test.csproj", "{D126A266-B0F6-439B-84F5-A8E763AB6BFE}"
EndProject
Project("{9A19103F-16F7-4668-BE54-9A1E7A4F7556}") = "Tyuiu.SavtsovNE.Sprint1.Task1.V22.Lib", "Tyuiu.SavtsovNE.Sprint1.Task1.V22.Lib\Tyuiu.SavtsovNE.Sprint1.Task1.V22.Lib.csproj", "{3488F294-F97C-49CE-AC0F-E0175568EB15}"
EndProject
Project("{9A19103F-16F7-4668-BE54-9A1E7A4F7556}") = "Tyuiu.SavtsovNE.Sprint1.Task1.V22", "Tyuiu.SavtsovNE.Sprint1.Task1.V22\Tyuiu.SavtsovNE.Sprint1.Task1.V22.csproj", "{7F4FE1CC-2082-430C-A501-750098CB6D56}"
EndProject
Project("{2150E333-8FDC-42A3-9474-1A3956D46DE8}") = "Task2", "Task2", "{CECDEB58-435E-46E1-BD08-8E5C81FB81BB}"
EndProject
Project("{9A19103F-16F7-4668-BE54-9A1E7A4F7556}") = "Tyuiu.SavtsovNE.Sprint1.Task2.V30", "Tyuiu.SavtsovNE.Sprint1.Task2.V30\Tyuiu.SavtsovNE.Sprint1.Task2.V30.csproj", "{FAF23C83-34A9-47E7-98E4-DB4967E8F8A8}"
EndProject
Project("{9A19103F-16F7-4668-BE54-9A1E7A4F7556}") = "Tyuiu.SavtsovNE.Sprint1.Task2.V30.Lib", "Tyuiu.SavtsovNE.Sprint1.Task2.V30.Lib\Tyuiu.SavtsovNE.Sprint1.Task2.V30.Lib.csproj", "{B91C4667-71EB-46A3-80E9-86FB2FE645D1}"
EndProject
Project("{9A19103F-16F7-4668-BE54-9A1E7A4F7556}") = "Tyuiu.SavtsovNE.Sprint1.Task2.V30.Test", "Tyuiu.SavtsovNE.Sprint1.Task2.V30.Test\Tyuiu.SavtsovNE.Sprint1.Task2.V30.Test.csproj", "{24A877C8-B855-4D26-96AB-3CB2C71DDA1B}"
EndProject
Project("{2150E333-8FDC-42A3-9474-1A3956D46DE8}") = "Task4", "Task4", "{5B17C63E-1A08-47C4-98AA-7C5C6B952450}"
EndProject
Project("{9A19103F-16F7-4668-BE54-9A1E7A4F7556}") = "﻿Tyuiu.SavtsovNE.Sprint1.Task4.V13", "﻿Tyuiu.SavtsovNE.Sprint1.Task4.V13\﻿Tyuiu.SavtsovNE.Sprint1.Task4.V13.csproj", "{0A968D93-CE47-404D-95D9-6E9AC73D5E09}"
EndProject
Project("{9A19103F-16F7-4668-BE54-9A1E7A4F7556}") = "﻿Tyuiu.SavtsovNE.Sprint1.Task4.V13.Lib", "﻿Tyuiu.SavtsovNE.Sprint1.Task4.V13.Lib\﻿Tyuiu.SavtsovNE.Sprint1.Task4.V13.Lib.csproj", "{7469F710-B8F1-4793-AE62-21D98E038645}"
EndProject
Project("{9A19103F-16F7-4668-BE54-9A1E7A4F7556}") = "﻿Tyuiu.SavtsovNE.Sprint1.Task4.V13.Test", "﻿Tyuiu.SavtsovNE.Sprint1.Task4.V13.Test\﻿Tyuiu.SavtsovNE.Sprint1.Task4.V13.Test.csproj", "{3EEFEA49-DE80-4701-9C5E-91BE6978E966}"
EndProject
Project("{9A19103F-16F7-4668-BE54-9A1E7A4F7556}") = "Tyuiu.SavtsovNE.Sprint1.Task4.V13", "Tyuiu.SavtsovNE.Sprint1.Task4.V13\Tyuiu.SavtsovNE.Sprint1.Task4.V13.csproj", "{AEFA8F37-37DA-408C-8ACE-E9521D278D05}"
EndProject
Project("{9A19103F-16F7-4668-BE54-9A1E7A4F7556}") = "Tyuiu.SavtsovNE.Sprint1.Task4.V13.Lib", "Tyuiu.SavtsovNE.Sprint1.Task4.V13.Lib\Tyuiu.SavtsovNE.Sprint1.Task4.V13.Lib.csproj", "{25D2E03E-C1A7-419C-BBF0-5E741AD4045C}"
EndProject
Project("{9A19103F-16F7-4668-BE54-9A1E7A4F7556}") = "Tyuiu.SavtsovNE.Sprint1.Task4.V13.Test", "Tyuiu.SavtsovNE.Sprint1.Task4.V13.Test\Tyuiu.SavtsovNE.Sprint1.Task4.V13.Test.csproj", "{511E109E-038E-4E96-96E4-310676CC35EE}"
EndProject
Project("{2150E333-8FDC-42A3-9474-1A3956D46DE8}") = "Task5", "Task5", "{260903F1-E7C6-43D0-819D-BEAAE8D58801}"
EndProject
Project("{9A19103F-16F7-4668-BE54-9A1E7A4F7556}") = "Tyuiu.SavtsovNE.Sprint1.Task5.V3", "Tyuiu.SavtsovNE.Sprint1.Task5.V3\Tyuiu.SavtsovNE.Sprint1.Task5.V3.csproj", "{ADC1EB4F-CB9D-40F7-9B43-C7B13FC48DB5}"
EndProject
Project("{9A19103F-16F7-4668-BE54-9A1E7A4F7556}") = "Tyuiu.SavtsovNE.Sprint1.Task5.V3.Lib", "Tyuiu.SavtsovNE.Sprint1.Task5.V3.Lib\Tyuiu.SavtsovNE.Sprint1.Task5.V3.Lib.csproj", "{562BE343-EEAA-4339-BA83-8B98106489D5}"
EndProject
Project("{9A19103F-16F7-4668-BE54-9A1E7A4F7556}") = "Tyuiu.SavtsovNE.Sprint1.Task5.V3.Test", "Tyuiu.SavtsovNE.Sprint1.Task5.V3.Test\Tyuiu.SavtsovNE.Sprint1.Task5.V3.Test.csproj", "{C284888D-9999-4138-9BC4-08E66118574C}"
EndProject
Project("{2150E333-8FDC-42A3-9474-1A3956D46DE8}") = "Task6", "Task6", "{48AC8C5F-2909-4894-B9CF-CEF2A0C33FDE}"
EndProject
Project("{FAE04EC0-301F-11D3-BF4B-00C04F79EFBC}") = "Tyuiu.SavtsovNE.Sprint1.Task6.V4", "Tyuiu.SavtsovNE.Sprint1.Task6.V4\Tyuiu.SavtsovNE.Sprint1.Task6.V4.csproj", "{C313F2B0-2FB2-4A18-86F7-74486EE1AB3A}"
EndProject
Project("{FAE04EC0-301F-11D3-BF4B-00C04F79EFBC}") = "Tyuiu.SavtsovNE.Sprint1.Task6.V4.Lib", "Tyuiu.SavtsovNE.Sprint1.Task6.V4.Lib\Tyuiu.SavtsovNE.Sprint1.Task6.V4.Lib.csproj", "{7D83B803-9247-456D-B115-E9F5164A75D2}"
EndProject
Project("{FAE04EC0-301F-11D3-BF4B-00C04F79EFBC}") = "Tyuiu.SavtsovNE.Sprint1.Task6.V4.Test", "Tyuiu.SavtsovNE.Sprint1.Task6.V4.Test\Tyuiu.SavtsovNE.Sprint1.Task6.V4.Test.csproj", "{36D79505-191D-4AB6-8ED5-62E1BE9BEE56}"
EndProject
Project("{2150E333-8FDC-42A3-9474-1A3956D46DE8}") = "Task7", "Task7", "{1391B70C-A801-454E-8C59-9D9933177340}"
EndProject
Project("{FAE04EC0-301F-11D3-BF4B-00C04F79EFBC}") = "Tyuiu.SavtsovNE.Sprint1.Task7.V19.Test", "Tyuiu.SavtsovNE.Sprint1.Task7.V19.Test\Tyuiu.SavtsovNE.Sprint1.Task7.V19.Test.csproj", "{597957F2-D1CE-41C8-B744-9E7912F29B8A}"
EndProject
Project("{FAE04EC0-301F-11D3-BF4B-00C04F79EFBC}") = "Tyuiu.SavtsovNE.Sprint1.Task7.V19.Lib", "Tyuiu.SavtsovNE.Sprint1.Task7.V19.Lib\Tyuiu.SavtsovNE.Sprint1.Task7.V19.Lib.csproj", "{396AD431-EC8A-4590-9975-72670FDB9822}"
EndProject
Project("{FAE04EC0-301F-11D3-BF4B-00C04F79EFBC}") = "Tyuiu.SavtsovNE.Sprint1.Task7.V19", "Tyuiu.SavtsovNE.Sprint1.Task7.V19\Tyuiu.SavtsovNE.Sprint1.Task7.V19.csproj", "{5DDD1E5F-1171-4188-AF01-7B630A4AEFFE}"
EndProject
Project("{2150E333-8FDC-42A3-9474-1A3956D46DE8}") = "Task3", "Task3", "{F6668784-4D52-401E-BD0C-EDF912071721}"
EndProject
Project("{9A19103F-16F7-4668-BE54-9A1E7A4F7556}") = "﻿Tyuiu.SavtsovNE.Sprint1.Task3.V5", "Tyuiu.SavtsovNE.Sprint1.Task3.V5\﻿Tyuiu.SavtsovNE.Sprint1.Task3.V5.csproj", "{0ACD038C-5548-44A0-BCFB-717709D8EF7C}"
EndProject
Project("{9A19103F-16F7-4668-BE54-9A1E7A4F7556}") = "﻿Tyuiu.SavtsovNE.Sprint1.Task3.V5.Test", "Tyuiu.SavtsovNE.Sprint1.Task3.V5.Test\﻿Tyuiu.SavtsovNE.Sprint1.Task3.V5.Test.csproj", "{12A43691-1882-4E19-9715-166B50300A9E}"
EndProject
Global
	GlobalSection(SolutionConfigurationPlatforms) = preSolution
		Debug|Any CPU = Debug|Any CPU
		Release|Any CPU = Release|Any CPU
	EndGlobalSection
	GlobalSection(ProjectConfigurationPlatforms) = postSolution
		{E141750A-8C5E-46B5-8F57-232D69751EA3}.Debug|Any CPU.ActiveCfg = Debug|Any CPU
		{E141750A-8C5E-46B5-8F57-232D69751EA3}.Debug|Any CPU.Build.0 = Debug|Any CPU
		{E141750A-8C5E-46B5-8F57-232D69751EA3}.Release|Any CPU.ActiveCfg = Release|Any CPU
		{E141750A-8C5E-46B5-8F57-232D69751EA3}.Release|Any CPU.Build.0 = Release|Any CPU
		{1BC85A29-AB2F-4446-BEE5-85C78F3122E7}.Debug|Any CPU.ActiveCfg = Debug|Any CPU
		{1BC85A29-AB2F-4446-BEE5-85C78F3122E7}.Debug|Any CPU.Build.0 = Debug|Any CPU
		{1BC85A29-AB2F-4446-BEE5-85C78F3122E7}.Release|Any CPU.ActiveCfg = Release|Any CPU
		{1BC85A29-AB2F-4446-BEE5-85C78F3122E7}.Release|Any CPU.Build.0 = Release|Any CPU
		{7060EFDE-5570-4FC6-8756-3E859C9A8BAD}.Debug|Any CPU.ActiveCfg = Debug|Any CPU
		{7060EFDE-5570-4FC6-8756-3E859C9A8BAD}.Debug|Any CPU.Build.0 = Debug|Any CPU
		{7060EFDE-5570-4FC6-8756-3E859C9A8BAD}.Release|Any CPU.ActiveCfg = Release|Any CPU
		{7060EFDE-5570-4FC6-8756-3E859C9A8BAD}.Release|Any CPU.Build.0 = Release|Any CPU
		{D126A266-B0F6-439B-84F5-A8E763AB6BFE}.Debug|Any CPU.ActiveCfg = Debug|Any CPU
		{D126A266-B0F6-439B-84F5-A8E763AB6BFE}.Debug|Any CPU.Build.0 = Debug|Any CPU
		{D126A266-B0F6-439B-84F5-A8E763AB6BFE}.Release|Any CPU.ActiveCfg = Release|Any CPU
		{D126A266-B0F6-439B-84F5-A8E763AB6BFE}.Release|Any CPU.Build.0 = Release|Any CPU
		{3488F294-F97C-49CE-AC0F-E0175568EB15}.Debug|Any CPU.ActiveCfg = Debug|Any CPU
		{3488F294-F97C-49CE-AC0F-E0175568EB15}.Debug|Any CPU.Build.0 = Debug|Any CPU
		{3488F294-F97C-49CE-AC0F-E0175568EB15}.Release|Any CPU.ActiveCfg = Release|Any CPU
		{3488F294-F97C-49CE-AC0F-E0175568EB15}.Release|Any CPU.Build.0 = Release|Any CPU
		{7F4FE1CC-2082-430C-A501-750098CB6D56}.Debug|Any CPU.ActiveCfg = Debug|Any CPU
		{7F4FE1CC-2082-430C-A501-750098CB6D56}.Debug|Any CPU.Build.0 = Debug|Any CPU
		{7F4FE1CC-2082-430C-A501-750098CB6D56}.Release|Any CPU.ActiveCfg = Release|Any CPU
		{7F4FE1CC-2082-430C-A501-750098CB6D56}.Release|Any CPU.Build.0 = Release|Any CPU
		{FAF23C83-34A9-47E7-98E4-DB4967E8F8A8}.Debug|Any CPU.ActiveCfg = Debug|Any CPU
		{FAF23C83-34A9-47E7-98E4-DB4967E8F8A8}.Debug|Any CPU.Build.0 = Debug|Any CPU
		{FAF23C83-34A9-47E7-98E4-DB4967E8F8A8}.Release|Any CPU.ActiveCfg = Release|Any CPU
		{FAF23C83-34A9-47E7-98E4-DB4967E8F8A8}.Release|Any CPU.Build.0 = Release|Any CPU
		{B91C4667-71EB-46A3-80E9-86FB2FE645D1}.Debug|Any CPU.ActiveCfg = Debug|Any CPU
		{B91C4667-71EB-46A3-80E9-86FB2FE645D1}.Debug|Any CPU.Build.0 = Debug|Any CPU
		{B91C4667-71EB-46A3-80E9-86FB2FE645D1}.Release|Any CPU.ActiveCfg = Release|Any CPU
		{B91C4667-71EB-46A3-80E9-86FB2FE645D1}.Release|Any CPU.Build.0 = Release|Any CPU
		{24A877C8-B855-4D26-96AB-3CB2C71DDA1B}.Debug|Any CPU.ActiveCfg = Debug|Any CPU
		{24A877C8-B855-4D26-96AB-3CB2C71DDA1B}.Debug|Any CPU.Build.0 = Debug|Any CPU
		{24A877C8-B855-4D26-96AB-3CB2C71DDA1B}.Release|Any CPU.ActiveCfg = Release|Any CPU
		{24A877C8-B855-4D26-96AB-3CB2C71DDA1B}.Release|Any CPU.Build.0 = Release|Any CPU
		{0A968D93-CE47-404D-95D9-6E9AC73D5E09}.Debug|Any CPU.ActiveCfg = Debug|Any CPU
		{0A968D93-CE47-404D-95D9-6E9AC73D5E09}.Debug|Any CPU.Build.0 = Debug|Any CPU
		{0A968D93-CE47-404D-95D9-6E9AC73D5E09}.Release|Any CPU.ActiveCfg = Release|Any CPU
		{0A968D93-CE47-404D-95D9-6E9AC73D5E09}.Release|Any CPU.Build.0 = Release|Any CPU
		{7469F710-B8F1-4793-AE62-21D98E038645}.Debug|Any CPU.ActiveCfg = Debug|Any CPU
		{7469F710-B8F1-4793-AE62-21D98E038645}.Debug|Any CPU.Build.0 = Debug|Any CPU
		{7469F710-B8F1-4793-AE62-21D98E038645}.Release|Any CPU.ActiveCfg = Release|Any CPU
		{7469F710-B8F1-4793-AE62-21D98E038645}.Release|Any CPU.Build.0 = Release|Any CPU
		{3EEFEA49-DE80-4701-9C5E-91BE6978E966}.Debug|Any CPU.ActiveCfg = Debug|Any CPU
		{3EEFEA49-DE80-4701-9C5E-91BE6978E966}.Debug|Any CPU.Build.0 = Debug|Any CPU
		{3EEFEA49-DE80-4701-9C5E-91BE6978E966}.Release|Any CPU.ActiveCfg = Release|Any CPU
		{3EEFEA49-DE80-4701-9C5E-91BE6978E966}.Release|Any CPU.Build.0 = Release|Any CPU
		{AEFA8F37-37DA-408C-8ACE-E9521D278D05}.Debug|Any CPU.ActiveCfg = Debug|Any CPU
		{AEFA8F37-37DA-408C-8ACE-E9521D278D05}.Debug|Any CPU.Build.0 = Debug|Any CPU
		{AEFA8F37-37DA-408C-8ACE-E9521D278D05}.Release|Any CPU.ActiveCfg = Release|Any CPU
		{AEFA8F37-37DA-408C-8ACE-E9521D278D05}.Release|Any CPU.Build.0 = Release|Any CPU
		{25D2E03E-C1A7-419C-BBF0-5E741AD4045C}.Debug|Any CPU.ActiveCfg = Debug|Any CPU
		{25D2E03E-C1A7-419C-BBF0-5E741AD4045C}.Debug|Any CPU.Build.0 = Debug|Any CPU
		{25D2E03E-C1A7-419C-BBF0-5E741AD4045C}.Release|Any CPU.ActiveCfg = Release|Any CPU
		{25D2E03E-C1A7-419C-BBF0-5E741AD4045C}.Release|Any CPU.Build.0 = Release|Any CPU
		{511E109E-038E-4E96-96E4-310676CC35EE}.Debug|Any CPU.ActiveCfg = Debug|Any CPU
		{511E109E-038E-4E96-96E4-310676CC35EE}.Debug|Any CPU.Build.0 = Debug|Any CPU
		{511E109E-038E-4E96-96E4-310676CC35EE}.Release|Any CPU.ActiveCfg = Release|Any CPU
		{511E109E-038E-4E96-96E4-310676CC35EE}.Release|Any CPU.Build.0 = Release|Any CPU
		{ADC1EB4F-CB9D-40F7-9B43-C7B13FC48DB5}.Debug|Any CPU.ActiveCfg = Debug|Any CPU
		{ADC1EB4F-CB9D-40F7-9B43-C7B13FC48DB5}.Debug|Any CPU.Build.0 = Debug|Any CPU
		{ADC1EB4F-CB9D-40F7-9B43-C7B13FC48DB5}.Release|Any CPU.ActiveCfg = Release|Any CPU
		{ADC1EB4F-CB9D-40F7-9B43-C7B13FC48DB5}.Release|Any CPU.Build.0 = Release|Any CPU
		{562BE343-EEAA-4339-BA83-8B98106489D5}.Debug|Any CPU.ActiveCfg = Debug|Any CPU
		{562BE343-EEAA-4339-BA83-8B98106489D5}.Debug|Any CPU.Build.0 = Debug|Any CPU
		{562BE343-EEAA-4339-BA83-8B98106489D5}.Release|Any CPU.ActiveCfg = Release|Any CPU
		{562BE343-EEAA-4339-BA83-8B98106489D5}.Release|Any CPU.Build.0 = Release|Any CPU
		{C284888D-9999-4138-9BC4-08E66118574C}.Debug|Any CPU.ActiveCfg = Debug|Any CPU
		{C284888D-9999-4138-9BC4-08E66118574C}.Debug|Any CPU.Build.0 = Debug|Any CPU
		{C284888D-9999-4138-9BC4-08E66118574C}.Release|Any CPU.ActiveCfg = Release|Any CPU
		{C284888D-9999-4138-9BC4-08E66118574C}.Release|Any CPU.Build.0 = Release|Any CPU
		{C313F2B0-2FB2-4A18-86F7-74486EE1AB3A}.Debug|Any CPU.ActiveCfg = Debug|Any CPU
		{C313F2B0-2FB2-4A18-86F7-74486EE1AB3A}.Debug|Any CPU.Build.0 = Debug|Any CPU
		{C313F2B0-2FB2-4A18-86F7-74486EE1AB3A}.Release|Any CPU.ActiveCfg = Release|Any CPU
		{C313F2B0-2FB2-4A18-86F7-74486EE1AB3A}.Release|Any CPU.Build.0 = Release|Any CPU
		{7D83B803-9247-456D-B115-E9F5164A75D2}.Debug|Any CPU.ActiveCfg = Debug|Any CPU
		{7D83B803-9247-456D-B115-E9F5164A75D2}.Debug|Any CPU.Build.0 = Debug|Any CPU
		{7D83B803-9247-456D-B115-E9F5164A75D2}.Release|Any CPU.ActiveCfg = Release|Any CPU
		{7D83B803-9247-456D-B115-E9F5164A75D2}.Release|Any CPU.Build.0 = Release|Any CPU
		{36D79505-191D-4AB6-8ED5-62E1BE9BEE56}.Debug|Any CPU.ActiveCfg = Debug|Any CPU
		{36D79505-191D-4AB6-8ED5-62E1BE9BEE56}.Debug|Any CPU.Build.0 = Debug|Any CPU
		{36D79505-191D-4AB6-8ED5-62E1BE9BEE56}.Release|Any CPU.ActiveCfg = Release|Any CPU
		{36D79505-191D-4AB6-8ED5-62E1BE9BEE56}.Release|Any CPU.Build.0 = Release|Any CPU
		{597957F2-D1CE-41C8-B744-9E7912F29B8A}.Debug|Any CPU.ActiveCfg = Debug|Any CPU
		{597957F2-D1CE-41C8-B744-9E7912F29B8A}.Debug|Any CPU.Build.0 = Debug|Any CPU
		{597957F2-D1CE-41C8-B744-9E7912F29B8A}.Release|Any CPU.ActiveCfg = Release|Any CPU
		{597957F2-D1CE-41C8-B744-9E7912F29B8A}.Release|Any CPU.Build.0 = Release|Any CPU
		{396AD431-EC8A-4590-9975-72670FDB9822}.Debug|Any CPU.ActiveCfg = Debug|Any CPU
		{396AD431-EC8A-4590-9975-72670FDB9822}.Debug|Any CPU.Build.0 = Debug|Any CPU
		{396AD431-EC8A-4590-9975-72670FDB9822}.Release|Any CPU.ActiveCfg = Release|Any CPU
		{396AD431-EC8A-4590-9975-72670FDB9822}.Release|Any CPU.Build.0 = Release|Any CPU
		{5DDD1E5F-1171-4188-AF01-7B630A4AEFFE}.Debug|Any CPU.ActiveCfg = Debug|Any CPU
		{5DDD1E5F-1171-4188-AF01-7B630A4AEFFE}.Debug|Any CPU.Build.0 = Debug|Any CPU
		{5DDD1E5F-1171-4188-AF01-7B630A4AEFFE}.Release|Any CPU.ActiveCfg = Release|Any CPU
		{5DDD1E5F-1171-4188-AF01-7B630A4AEFFE}.Release|Any CPU.Build.0 = Release|Any CPU
		{0ACD038C-5548-44A0-BCFB-717709D8EF7C}.Debug|Any CPU.ActiveCfg = Debug|Any CPU
		{0ACD038C-5548-44A0-BCFB-717709D8EF7C}.Debug|Any CPU.Build.0 = Debug|Any CPU
		{0ACD038C-5548-44A0-BCFB-717709D8EF7C}.Release|Any CPU.ActiveCfg = Release|Any CPU
		{0ACD038C-5548-44A0-BCFB-717709D8EF7C}.Release|Any CPU.Build.0 = Release|Any CPU
		{12A43691-1882-4E19-9715-166B50300A9E}.Debug|Any CPU.ActiveCfg = Debug|Any CPU
		{12A43691-1882-4E19-9715-166B50300A9E}.Debug|Any CPU.Build.0 = Debug|Any CPU
		{12A43691-1882-4E19-9715-166B50300A9E}.Release|Any CPU.ActiveCfg = Release|Any CPU
		{12A43691-1882-4E19-9715-166B50300A9E}.Release|Any CPU.Build.0 = Release|Any CPU
	EndGlobalSection
	GlobalSection(SolutionProperties) = preSolution
		HideSolutionNode = FALSE
	EndGlobalSection
	GlobalSection(NestedProjects) = preSolution
		{E141750A-8C5E-46B5-8F57-232D69751EA3} = {C9389519-71E9-46C7-9D65-0318628EA57C}
		{1BC85A29-AB2F-4446-BEE5-85C78F3122E7} = {C9389519-71E9-46C7-9D65-0318628EA57C}
		{7060EFDE-5570-4FC6-8756-3E859C9A8BAD} = {C9389519-71E9-46C7-9D65-0318628EA57C}
		{D126A266-B0F6-439B-84F5-A8E763AB6BFE} = {138A520B-7277-4059-A846-8E4119AA1A4D}
		{3488F294-F97C-49CE-AC0F-E0175568EB15} = {138A520B-7277-4059-A846-8E4119AA1A4D}
		{7F4FE1CC-2082-430C-A501-750098CB6D56} = {138A520B-7277-4059-A846-8E4119AA1A4D}
		{FAF23C83-34A9-47E7-98E4-DB4967E8F8A8} = {CECDEB58-435E-46E1-BD08-8E5C81FB81BB}
		{B91C4667-71EB-46A3-80E9-86FB2FE645D1} = {CECDEB58-435E-46E1-BD08-8E5C81FB81BB}
		{24A877C8-B855-4D26-96AB-3CB2C71DDA1B} = {CECDEB58-435E-46E1-BD08-8E5C81FB81BB}
		{0A968D93-CE47-404D-95D9-6E9AC73D5E09} = {5B17C63E-1A08-47C4-98AA-7C5C6B952450}
		{7469F710-B8F1-4793-AE62-21D98E038645} = {5B17C63E-1A08-47C4-98AA-7C5C6B952450}
		{3EEFEA49-DE80-4701-9C5E-91BE6978E966} = {5B17C63E-1A08-47C4-98AA-7C5C6B952450}
		{AEFA8F37-37DA-408C-8ACE-E9521D278D05} = {5B17C63E-1A08-47C4-98AA-7C5C6B952450}
		{25D2E03E-C1A7-419C-BBF0-5E741AD4045C} = {5B17C63E-1A08-47C4-98AA-7C5C6B952450}
		{511E109E-038E-4E96-96E4-310676CC35EE} = {5B17C63E-1A08-47C4-98AA-7C5C6B952450}
		{ADC1EB4F-CB9D-40F7-9B43-C7B13FC48DB5} = {260903F1-E7C6-43D0-819D-BEAAE8D58801}
		{562BE343-EEAA-4339-BA83-8B98106489D5} = {260903F1-E7C6-43D0-819D-BEAAE8D58801}
		{C284888D-9999-4138-9BC4-08E66118574C} = {260903F1-E7C6-43D0-819D-BEAAE8D58801}
		{C313F2B0-2FB2-4A18-86F7-74486EE1AB3A} = {48AC8C5F-2909-4894-B9CF-CEF2A0C33FDE}
		{7D83B803-9247-456D-B115-E9F5164A75D2} = {48AC8C5F-2909-4894-B9CF-CEF2A0C33FDE}
		{36D79505-191D-4AB6-8ED5-62E1BE9BEE56} = {48AC8C5F-2909-4894-B9CF-CEF2A0C33FDE}
		{597957F2-D1CE-41C8-B744-9E7912F29B8A} = {1391B70C-A801-454E-8C59-9D9933177340}
		{396AD431-EC8A-4590-9975-72670FDB9822} = {1391B70C-A801-454E-8C59-9D9933177340}
		{5DDD1E5F-1171-4188-AF01-7B630A4AEFFE} = {1391B70C-A801-454E-8C59-9D9933177340}
		{0ACD038C-5548-44A0-BCFB-717709D8EF7C} = {F6668784-4D52-401E-BD0C-EDF912071721}
		{12A43691-1882-4E19-9715-166B50300A9E} = {F6668784-4D52-401E-BD0C-EDF912071721}
	EndGlobalSection
	GlobalSection(ExtensibilityGlobals) = postSolution
		SolutionGuid = {865D0379-AB6D-4C54-916D-53882C9D343B}
	EndGlobalSection
EndGlobal
